
Microsoft Visual Studio Solution File, Format Version 12.00
# Visual Studio 15
VisualStudioVersion = 15.0.27703.2042
MinimumVisualStudioVersion = 10.0.40219.1
Project("{FAE04EC0-301F-11D3-BF4B-00C04F79EFBC}") = "GAP_Seguros.Web", "GAP_Seguros.Web\GAP_Seguros.Web.csproj", "{22EE5719-718F-4013-8D17-AEDE8A87679D}"
EndProject
Project("{FAE04EC0-301F-11D3-BF4B-00C04F79EFBC}") = "GAP_Seguros.Web.Tests", "GAP_Seguros.Web.Tests\GAP_Seguros.Web.Tests.csproj", "{7157BAAA-BAF4-449D-9EF1-1E85ED706203}"
EndProject
Global
	GlobalSection(SolutionConfigurationPlatforms) = preSolution
		Debug|Any CPU = Debug|Any CPU
		Release|Any CPU = Release|Any CPU
	EndGlobalSection
	GlobalSection(ProjectConfigurationPlatforms) = postSolution
		{22EE5719-718F-4013-8D17-AEDE8A87679D}.Debug|Any CPU.ActiveCfg = Debug|Any CPU
		{22EE5719-718F-4013-8D17-AEDE8A87679D}.Debug|Any CPU.Build.0 = Debug|Any CPU
		{22EE5719-718F-4013-8D17-AEDE8A87679D}.Release|Any CPU.ActiveCfg = Release|Any CPU
		{22EE5719-718F-4013-8D17-AEDE8A87679D}.Release|Any CPU.Build.0 = Release|Any CPU
		{7157BAAA-BAF4-449D-9EF1-1E85ED706203}.Debug|Any CPU.ActiveCfg = Debug|Any CPU
		{7157BAAA-BAF4-449D-9EF1-1E85ED706203}.Debug|Any CPU.Build.0 = Debug|Any CPU
		{7157BAAA-BAF4-449D-9EF1-1E85ED706203}.Release|Any CPU.ActiveCfg = Release|Any CPU
		{7157BAAA-BAF4-449D-9EF1-1E85ED706203}.Release|Any CPU.Build.0 = Release|Any CPU
	EndGlobalSection
	GlobalSection(SolutionProperties) = preSolution
		HideSolutionNode = FALSE
	EndGlobalSection
	GlobalSection(ExtensibilityGlobals) = postSolution
		SolutionGuid = {FE5E5030-C4D1-438D-9297-05BF5E6ABD99}
	EndGlobalSection
EndGlobal
